lockfileVersion: '6.0'

settings:
  autoInstallPeers: true
  excludeLinksFromLockfile: false

dependencies:
  '@netlify/functions':
    specifier: ^2.5.1
    version: 2.5.1
  '@types/nodemailer':
    specifier: ^6.4.14
    version: 6.4.14
  nodemailer:
    specifier: ^6.9.8
    version: 6.9.8
  terser:
    specifier: ^5.27.0
    version: 5.27.0

packages:

  /@jridgewell/gen-mapping@0.3.3:
    resolution: {integrity: sha512-HLhSWOLRi875zjjMG/r+Nv0oCW8umGb0BgEhyX3dDX3egwZtB8PqLnjz3yedt8R5StBrzcg4aBpnh8UA9D1BoQ==}
    engines: {node: '>=6.0.0'}
    dependencies:
      '@jridgewell/set-array': 1.1.2
      '@jridgewell/sourcemap-codec': 1.4.15
      '@jridgewell/trace-mapping': 0.3.22
    dev: false

  /@jridgewell/resolve-uri@3.1.1:
    resolution: {integrity: sha512-dSYZh7HhCDtCKm4QakX0xFpsRDqjjtZf/kjI/v3T3Nwt5r8/qz/M19F9ySyOqU94SXBmeG9ttTul+YnR4LOxFA==}
    engines: {node: '>=6.0.0'}
    dev: false

  /@jridgewell/set-array@1.1.2:
    resolution: {integrity: sha512-xnkseuNADM0gt2bs+BvhO0p78Mk762YnZdsuzFV018NoG1Sj1SCQvpSqa7XUaTam5vAGasABV9qXASMKnFMwMw==}
    engines: {node: '>=6.0.0'}
    dev: false

  /@jridgewell/source-map@0.3.5:
    resolution: {integrity: sha512-UTYAUj/wviwdsMfzoSJspJxbkH5o1snzwX0//0ENX1u/55kkZZkcTZP6u9bwKGkv+dkk9at4m1Cpt0uY80kcpQ==}
    dependencies:
      '@jridgewell/gen-mapping': 0.3.3
      '@jridgewell/trace-mapping': 0.3.22
    dev: false

  /@jridgewell/sourcemap-codec@1.4.15:
    resolution: {integrity: sha512-eF2rxCRulEKXHTRiDrDy6erMYWqNw4LPdQ8UQA4huuxaQsVeRPFl2oM8oDGxMFhJUWZf9McpLtJasDDZb/Bpeg==}
    dev: false

  /@jridgewell/trace-mapping@0.3.22:
    resolution: {integrity: sha512-Wf963MzWtA2sjrNt+g18IAln9lKnlRp+K2eH4jjIoF1wYeq3aMREpG09xhlhdzS0EjwU7qmUJYangWa+151vZw==}
    dependencies:
      '@jridgewell/resolve-uri': 3.1.1
      '@jridgewell/sourcemap-codec': 1.4.15
    dev: false

  /@netlify/functions@2.5.1:
    resolution: {integrity: sha512-7//hmiFHXGusAzuzEuXvRT9ItaeRjRs5lRs6lYUkaAXO1jnTWYDB2XdqFq5X4yMRX+/A96nrQ2HwCE+Pd0YMwg==}
    engines: {node: '>=14.0.0'}
    dependencies:
      '@netlify/serverless-functions-api': 1.13.0
      is-promise: 4.0.0
    dev: false

  /@netlify/node-cookies@0.1.0:
    resolution: {integrity: sha512-OAs1xG+FfLX0LoRASpqzVntVV/RpYkgpI0VrUnw2u0Q1qiZUzcPffxRK8HF3gc4GjuhG5ahOEMJ9bswBiZPq0g==}
    engines: {node: ^14.16.0 || >=16.0.0}
    dev: false

  /@netlify/serverless-functions-api@1.13.0:
    resolution: {integrity: sha512-H3SMpHw24jWjnEMqbXgILWdo3/Iv/2DRzOZZevqqEswRTOWcQJGlU35Dth72VAOxhPyWXjulogG1zJNRw8m2sQ==}
    engines: {node: ^14.18.0 || >=16.0.0}
    dependencies:
      '@netlify/node-cookies': 0.1.0
      urlpattern-polyfill: 8.0.2
    dev: false

  /@types/node@20.11.7:
    resolution: {integrity: sha512-GPmeN1C3XAyV5uybAf4cMLWT9fDWcmQhZVtMFu7OR32WjrqGG+Wnk2V1d0bmtUyE/Zy1QJ9BxyiTih9z8Oks8A==}
    dependencies:
      undici-types: 5.26.5
    dev: false

  /@types/nodemailer@6.4.14:
    resolution: {integrity: sha512-fUWthHO9k9DSdPCSPRqcu6TWhYyxTBg382vlNIttSe9M7XfsT06y0f24KHXtbnijPGGRIcVvdKHTNikOI6qiHA==}
    dependencies:
      '@types/node': 20.11.7
    dev: false

  /acorn@8.11.3:
    resolution: {integrity: sha512-Y9rRfJG5jcKOE0CLisYbojUjIrIEE7AGMzA/Sm4BslANhbS+cDMpgBdcPT91oJ7OuJ9hYJBx59RjbhxVnrF8Xg==}
    engines: {node: '>=0.4.0'}
    hasBin: true
    dev: false

  /buffer-from@1.1.2:
    resolution: {integrity: sha512-E+XQCRwSbaaiChtv6k6Dwgc+bx+Bs6vuKJHHl5kox/BaKbhiXzqQOwK4cO22yElGp2OCmjwVhT3HmxgyPGnJfQ==}
    dev: false

  /commander@2.20.3:
    resolution: {integrity: sha512-GpVkmM8vF2vQUkj2LvZmD35JxeJOLCwJ9cUkugyk2nuhbv3+mJvpLYYt+0+USMxE+oj+ey/lJEnhZw75x/OMcQ==}
    dev: false

  /is-promise@4.0.0:
    resolution: {integrity: sha512-hvpoI6korhJMnej285dSg6nu1+e6uxs7zG3BYAm5byqDsgJNWwxzM6z6iZiAgQR4TJ30JmBTOwqZUw3WlyH3AQ==}
    dev: false

  /nodemailer@6.9.8:
    resolution: {integrity: sha512-cfrYUk16e67Ks051i4CntM9kshRYei1/o/Gi8K1d+R34OIs21xdFnW7Pt7EucmVKA0LKtqUGNcjMZ7ehjl49mQ==}
    engines: {node: '>=6.0.0'}
    dev: false

  /source-map-support@0.5.21:
    resolution: {integrity: sha512-uBHU3L3czsIyYXKX88fdrGovxdSCoTGDRZ6SYXtSRxLZUzHg5P/66Ht6uoUlHu9EZod+inXhKo3qQgwXUT/y1w==}
    dependencies:
      buffer-from: 1.1.2
      source-map: 0.6.1
    dev: false

  /source-map@0.6.1:
    resolution: {integrity: sha512-UjgapumWlbMhkBgzT7Ykc5YXUT46F0iKu8SGXq0bcwP5dz/h0Plj6enJqjz1Zbq2l5WaqYnrVbwWOWMyF3F47g==}
    engines: {node: '>=0.10.0'}
    dev: false

  /terser@5.27.0:
    resolution: {integrity: sha512-bi1HRwVRskAjheeYl291n3JC4GgO/Ty4z1nVs5AAsmonJulGxpSektecnNedrwK9C7vpvVtcX3cw00VSLt7U2A==}
    engines: {node: '>=10'}
    hasBin: true
    dependencies:
      '@jridgewell/source-map': 0.3.5
      acorn: 8.11.3
      commander: 2.20.3
      source-map-support: 0.5.21
    dev: false

  /undici-types@5.26.5:
    resolution: {integrity: sha512-JlCMO+ehdEIKqlFxk6IfVoAUVmgz7cU7zD/h9XZ0qzeosSHmUJVOzSQvvYSYWXkFXC+IfLKSIffhv0sVZup6pA==}
    dev: false

  /urlpattern-polyfill@8.0.2:
    resolution: {integrity: sha512-Qp95D4TPJl1kC9SKigDcqgyM2VDVO4RiJc2d4qe5GrYm+zbIQCWWKAFaJNQ4BhdFeDGwBmAxqJBwWSJDb9T3BQ==}
    dev: false
